
Microsoft Visual Studio Solution File, Format Version 12.00
# Visual Studio 15
VisualStudioVersion = 15.0.27428.2037
MinimumVisualStudioVersion = 10.0.40219.1
Project("{FAE04EC0-301F-11D3-BF4B-00C04F79EFBC}") = "Meal Planner.WPF", "MealPlanner\Meal Planner.WPF.csproj", "{08168F66-37BA-4782-8CCC-75EFDBB8B91F}"
EndProject
Global
	GlobalSection(SolutionConfigurationPlatforms) = preSolution
		Alpha|Any CPU = Alpha|Any CPU
		Debug|Any CPU = Debug|Any CPU
		Release|Any CPU = Release|Any CPU
	EndGlobalSection
	GlobalSection(ProjectConfigurationPlatforms) = postSolution
		{08168F66-37BA-4782-8CCC-75EFDBB8B91F}.Alpha|Any CPU.ActiveCfg = Release|Any CPU
		{08168F66-37BA-4782-8CCC-75EFDBB8B91F}.Alpha|Any CPU.Build.0 = Release|Any CPU
		{08168F66-37BA-4782-8CCC-75EFDBB8B91F}.Debug|Any CPU.ActiveCfg = Debug|Any CPU
		{08168F66-37BA-4782-8CCC-75EFDBB8B91F}.Debug|Any CPU.Build.0 = Debug|Any CPU
		{08168F66-37BA-4782-8CCC-75EFDBB8B91F}.Release|Any CPU.ActiveCfg = Release|Any CPU
		{08168F66-37BA-4782-8CCC-75EFDBB8B91F}.Release|Any CPU.Build.0 = Release|Any CPU
	EndGlobalSection
	GlobalSection(SolutionProperties) = preSolution
		HideSolutionNode = FALSE
	EndGlobalSection
	GlobalSection(ExtensibilityGlobals) = postSolution
		SolutionGuid = {BC586201-38C1-4F92-A4AE-B5A1F83749BC}
	EndGlobalSection
EndGlobal
